
Microsoft Visual Studio Solution File, Format Version 11.00
# Visual C# Express 2010
Project("{FAE04EC0-301F-11D3-BF4B-00C04F79EFBC}") = "MultilanguageDocumentationPlugIn", "MultilanguageDocumentationPlugIn.csproj", "{99EED1D8-1EAB-4DDA-BCA6-2DC8098E9ED6}"
EndProject
Global
	GlobalSection(SolutionConfigurationPlatforms) = preSolution
		Debug|Any CPU = Debug|Any CPU
		Release|Any CPU = Release|Any CPU
	EndGlobalSection
	GlobalSection(ProjectConfigurationPlatforms) = postSolution
		{99EED1D8-1EAB-4DDA-BCA6-2DC8098E9ED6}.Debug|Any CPU.ActiveCfg = Debug|Any CPU
		{99EED1D8-1EAB-4DDA-BCA6-2DC8098E9ED6}.Debug|Any CPU.Build.0 = Debug|Any CPU
		{99EED1D8-1EAB-4DDA-BCA6-2DC8098E9ED6}.Release|Any CPU.ActiveCfg = Release|Any CPU
		{99EED1D8-1EAB-4DDA-BCA6-2DC8098E9ED6}.Release|Any CPU.Build.0 = Release|Any CPU
	EndGlobalSection
	GlobalSection(SolutionProperties) = preSolution
		HideSolutionNode = FALSE
	EndGlobalSection
EndGlobal
